PODS:
  - KKProgressHUD (0.0.5):
    - MBProgressHUD
  - MBProgressHUD (1.0.0)

DEPENDENCIES:
  - KKProgressHUD (from `../`)

SPEC REPOS:
  https://github.com/CocoaPods/Specs.git:
    - MBProgressHUD

EXTERNAL SOURCES:
  KKProgressHUD:
    :path: "../"

SPEC CHECKSUMS:
  KKProgressHUD: 03d07342ab121ef4c1735802a6129339ddcb44a1
  MBProgressHUD: 4890f671c94e8a0f3cf959aa731e9de2f036d71a

PODFILE CHECKSUM: 8a1c1b7f7fc3c67e5a98a5bd90dd8150cb0982df

COCOAPODS: 1.5.0
