// !$*UTF8*$!
{
	archiveVersion = 1;
	classes = {
	};
	objectVersion = 46;
	objects = {

/* Begin PBXBuildFile section */
		3E47A8B69904DB914F501B02 /* libPods-KKProgressHUD.a in Frameworks */ = {isa = PBXBuildFile; fileRef = 4B16F8CC7320D8D590E5804D /* libPods-KKProgressHUD.a */; };
		3FB7AEA31EF7769B0027CB1D /* main.m in Sources */ = {isa = PBXBuildFile; fileRef = 3FB7AEA21EF7769B0027CB1D /* main.m */; };
		3FB7AEA61EF7769B0027CB1D /* AppDelegate.m in Sources */ = {isa = PBXBuildFile; fileRef = 3FB7AEA51EF7769B0027CB1D /* AppDelegate.m */; };
		3FB7AEA91EF7769B0027CB1D /* ViewController.m in Sources */ = {isa = PBXBuildFile; fileRef = 3FB7AEA81EF7769B0027CB1D /* ViewController.m */; };
		3FB7AEAC1EF7769B0027CB1D /* Main.storyboard in Resources */ = {isa = PBXBuildFile; fileRef = 3FB7AEAA1EF7769B0027CB1D /* Main.storyboard */; };
		3FB7AEAE1EF7769B0027CB1D /* Assets.xcassets in Resources */ = {isa = PBXBuildFile; fileRef = 3FB7AEAD1EF7769B0027CB1D /* Assets.xcassets */; };
		3FB7AEB11EF7769B0027CB1D /* LaunchScreen.storyboard in Resources */ = {isa = PBXBuildFile; fileRef = 3FB7AEAF1EF7769B0027CB1D /* LaunchScreen.storyboard */; };
/* End PBXBuildFile section */

/* Begin PBXFileReference section */
		3FB7AE9E1EF7769B0027CB1D /* KKProgressHUD.app */ = {isa = PBXFileReference; explicitFileType = wrapper.application; includeInIndex = 0; path = KKProgressHUD.app; sourceTree = BUILT_PRODUCTS_DIR; };
		3FB7AEA21EF7769B0027CB1D /* main.m */ = {isa = PBXFileReference; lastKnownFileType = sourcecode.c.objc; path = main.m; sourceTree = "<group>"; };
		3FB7AEA41EF7769B0027CB1D /* AppDelegate.h */ = {isa = PBXFileReference; lastKnownFileType = sourcecode.c.h; path = AppDelegate.h; sourceTree = "<group>"; };
		3FB7AEA51EF7769B0027CB1D /* AppDelegate.m */ = {isa = PBXFileReference; lastKnownFileType = sourcecode.c.objc; path = AppDelegate.m; sourceTree = "<group>"; };
		3FB7AEA71EF7769B0027CB1D /* ViewController.h */ = {isa = PBXFileReference; lastKnownFileType = sourcecode.c.h; path = ViewController.h; sourceTree = "<group>"; };
		3FB7AEA81EF7769B0027CB1D /* ViewController.m */ = {isa = PBXFileReference; lastKnownFileType = sourcecode.c.objc; path = ViewController.m; sourceTree = "<group>"; };
		3FB7AEAB1EF7769B0027CB1D /* Base */ = {isa = PBXFileReference; lastKnownFileType = file.storyboard; name = Base; path = Base.lproj/Main.storyboard; sourceTree = "<group>"; };
		3FB7AEAD1EF7769B0027CB1D /* Assets.xcassets */ = {isa = PBXFileReference; lastKnownFileType = folder.assetcatalog; path = Assets.xcassets; sourceTree = "<group>"; };
		3FB7AEB01EF7769B0027CB1D /* Base */ = {isa = PBXFileReference; lastKnownFileType = file.storyboard; name = Base; path = Base.lproj/LaunchScreen.storyboard; sourceTree = "<group>"; };
		3FB7AEB21EF7769B0027CB1D /* Info.plist */ = {isa = PBXFileReference; lastKnownFileType = text.plist.xml; path = Info.plist; sourceTree = "<group>"; };
		4B16F8CC7320D8D590E5804D /* libPods-KKProgressHUD.a */ = {isa = PBXFileReference; explicitFileType = archive.ar; includeInIndex = 0; path = "libPods-KKProgressHUD.a"; sourceTree = BUILT_PRODUCTS_DIR; };
		50A8B7C799DDD7F38514E155 /* Pods-KKProgressHUD.debug.xcconfig */ = {isa = PBXFileReference; includeInIndex = 1; lastKnownFileType = text.xcconfig; name = "Pods-KKProgressHUD.debug.xcconfig"; path = "Pods/Target Support Files/Pods-KKProgressHUD/Pods-KKProgressHUD.debug.xcconfig"; sourceTree = "<group>"; };
		522E988C07BF4809B93CB457 /* Pods-KKProgressHUD.release.xcconfig */ = {isa = PBXFileReference; includeInIndex = 1; lastKnownFileType = text.xcconfig; name = "Pods-KKProgressHUD.release.xcconfig"; path = "Pods/Target Support Files/Pods-KKProgressHUD/Pods-KKProgressHUD.release.xcconfig"; sourceTree = "<group>"; };
/* End PBXFileReference section */

/* Begin PBXFrameworksBuildPhase section */
		3FB7AE9B1EF7769B0027CB1D /* Frameworks */ = {
			isa = PBXFrameworksBuildPhase;
			buildActionMask = 2147483647;
			files = (
				3E47A8B69904DB914F501B02 /* libPods-KKProgressHUD.a in Frameworks */,
			);
			runOnlyForDeploymentPostprocessing = 0;
		};
/* End PBXFrameworksBuildPhase section */

/* Begin PBXGroup section */
		3FB7AE951EF7769B0027CB1D = {
			isa = PBXGroup;
			children = (
				3FB7AEA01EF7769B0027CB1D /* KKProgressHUD */,
				3FB7AE9F1EF7769B0027CB1D /* Products */,
				B12407F556186CBC20A11F26 /* Pods */,
				8FC3E89684D183E5943F3311 /* Frameworks */,
			);
			sourceTree = "<group>";
		};
		3FB7AE9F1EF7769B0027CB1D /* Products */ = {
			isa = PBXGroup;
			children = (
				3FB7AE9E1EF7769B0027CB1D /* KKProgressHUD.app */,
			);
			name = Products;
			sourceTree = "<group>";
		};
		3FB7AEA01EF7769B0027CB1D /* KKProgressHUD */ = {
			isa = PBXGroup;
			children = (
				3FB7AEA41EF7769B0027CB1D /* AppDelegate.h */,
				3FB7AEA51EF7769B0027CB1D /* AppDelegate.m */,
				3FB7AEA71EF7769B0027CB1D /* ViewController.h */,
				3FB7AEA81EF7769B0027CB1D /* ViewController.m */,
				3FB7AEAA1EF7769B0027CB1D /* Main.storyboard */,
				3FB7AEAD1EF7769B0027CB1D /* Assets.xcassets */,
				3FB7AEAF1EF7769B0027CB1D /* LaunchScreen.storyboard */,
				3FB7AEB21EF7769B0027CB1D /* Info.plist */,
				3FB7AEA11EF7769B0027CB1D /* Supporting Files */,
			);
			path = KKProgressHUD;
			sourceTree = "<group>";
		};
		3FB7AEA11EF7769B0027CB1D /* Supporting Files */ = {
			isa = PBXGroup;
			children = (
				3FB7AEA21EF7769B0027CB1D /* main.m */,
			);
			name = "Supporting Files";
			sourceTree = "<group>";
		};
		8FC3E89684D183E5943F3311 /* Frameworks */ = {
			isa = PBXGroup;
			children = (
				4B16F8CC7320D8D590E5804D /* libPods-KKProgressHUD.a */,
			);
			name = Frameworks;
			sourceTree = "<group>";
		};
		B12407F556186CBC20A11F26 /* Pods */ = {
			isa = PBXGroup;
			children = (
				50A8B7C799DDD7F38514E155 /* Pods-KKProgressHUD.debug.xcconfig */,
				522E988C07BF4809B93CB457 /* Pods-KKProgressHUD.release.xcconfig */,
			);
			name = Pods;
			sourceTree = "<group>";
		};
/* End PBXGroup section */

/* Begin PBXNativeTarget section */
		3FB7AE9D1EF7769B0027CB1D /* KKProgressHUD */ = {
			isa = PBXNativeTarget;
			buildConfigurationList = 3FB7AEB51EF7769B0027CB1D /* Build configuration list for PBXNativeTarget "KKProgressHUD" */;
			buildPhases = (
				8F83FD248DCB1F3DEF4AAAF3 /* [CP] Check Pods Manifest.lock */,
				3FB7AE9A1EF7769B0027CB1D /* Sources */,
				3FB7AE9B1EF7769B0027CB1D /* Frameworks */,
				3FB7AE9C1EF7769B0027CB1D /* Resources */,
				9745F77B94A26C510CB600E9 /* [CP] Copy Pods Resources */,
			);
			buildRules = (
			);
			dependencies = (
			);
			name = KKProgressHUD;
			productName = KKProgressHUD;
			productReference = 3FB7AE9E1EF7769B0027CB1D /* KKProgressHUD.app */;
			productType = "com.apple.product-type.application";
		};
/* End PBXNativeTarget section */

/* Begin PBXProject section */
		3FB7AE961EF7769B0027CB1D /* Project object */ = {
			isa = PBXProject;
			attributes = {
				LastUpgradeCheck = 0830;
				ORGANIZATIONNAME = CaiMing;
				TargetAttributes = {
					3FB7AE9D1EF7769B0027CB1D = {
						CreatedOnToolsVersion = 8.3.2;
						ProvisioningStyle = Automatic;
					};
				};
			};
			buildConfigurationList = 3FB7AE991EF7769B0027CB1D /* Build configuration list for PBXProject "KKProgressHUD" */;
			compatibilityVersion = "Xcode 3.2";
			developmentRegion = English;
			hasScannedForEncodings = 0;
			knownRegions = (
				en,
				Base,
			);
			mainGroup = 3FB7AE951EF7769B0027CB1D;
			productRefGroup = 3FB7AE9F1EF7769B0027CB1D /* Products */;
			projectDirPath = "";
			projectRoot = "";
			targets = (
				3FB7AE9D1EF7769B0027CB1D /* KKProgressHUD */,
			);
		};
/* End PBXProject section */

/* Begin PBXResourcesBuildPhase section */
		3FB7AE9C1EF7769B0027CB1D /* Resources */ = {
			isa = PBXResourcesBuildPhase;
			buildActionMask = 2147483647;
			files = (
				3FB7AEB11EF7769B0027CB1D /* LaunchScreen.storyboard in Resources */,
				3FB7AEAE1EF7769B0027CB1D /* Assets.xcassets in Resources */,
				3FB7AEAC1EF7769B0027CB1D /* Main.storyboard in Resources */,
			);
			runOnlyForDeploymentPostprocessing = 0;
		};
/* End PBXResourcesBuildPhase section */

/* Begin PBXShellScriptBuildPhase section */
		8F83FD248DCB1F3DEF4AAAF3 /* [CP] Check Pods Manifest.lock */ = {
			isa = PBXShellScriptBuildPhase;
			buildActionMask = 2147483647;
			files = (
			);
			inputPaths = (
				"${PODS_PODFILE_DIR_PATH}/Podfile.lock",
				"${PODS_ROOT}/Manifest.lock",
			);
			name = "[CP] Check Pods Manifest.lock";
			outputPaths = (
				"$(DERIVED_FILE_DIR)/Pods-KKProgressHUD-checkManifestLockResult.txt",
			);
			runOnlyForDeploymentPostprocessing = 0;
			shellPath = /bin/sh;
			shellScript = "diff \"${PODS_PODFILE_DIR_PATH}/Podfile.lock\" \"${PODS_ROOT}/Manifest.lock\" > /dev/null\nif [ $? != 0 ] ; then\n    # print error to STDERR\n    echo \"error: The sandbox is not in sync with the Podfile.lock. Run 'pod install' or update your CocoaPods installation.\" >&2\n    exit 1\nfi\n# This output is used by Xcode 'outputs' to avoid re-running this script phase.\necho \"SUCCESS\" > \"${SCRIPT_OUTPUT_FILE_0}\"\n";
			showEnvVarsInLog = 0;
		};
		9745F77B94A26C510CB600E9 /* [CP] Copy Pods Resources */ = {
			isa = PBXShellScriptBuildPhase;
			buildActionMask = 2147483647;
			files = (
			);
			inputPaths = (
				"${SRCROOT}/Pods/Target Support Files/Pods-KKProgressHUD/Pods-KKProgressHUD-resources.sh",
				"${PODS_ROOT}/../../Pod/Resource/Rectangle@2x.png",
				"${PODS_ROOT}/../../Pod/Resource/Rectangle@3x.png",
				"${PODS_ROOT}/../../Pod/Resource/toastErrorTips@2x.png",
				"${PODS_ROOT}/../../Pod/Resource/toastErrorTips@3x.png",
				"${PODS_ROOT}/../../Pod/Resource/toastSuccessTips@2x.png",
				"${PODS_ROOT}/../../Pod/Resource/toastSuccessTips@3x.png",
			);
			name = "[CP] Copy Pods Resources";
			outputPaths = (
				"${TARGET_BUILD_DIR}/${UNLOCALIZED_RESOURCES_FOLDER_PATH}/Rectangle@2x.png",
				"${TARGET_BUILD_DIR}/${UNLOCALIZED_RESOURCES_FOLDER_PATH}/Rectangle@3x.png",
				"${TARGET_BUILD_DIR}/${UNLOCALIZED_RESOURCES_FOLDER_PATH}/toastErrorTips@2x.png",
				"${TARGET_BUILD_DIR}/${UNLOCALIZED_RESOURCES_FOLDER_PATH}/toastErrorTips@3x.png",
				"${TARGET_BUILD_DIR}/${UNLOCALIZED_RESOURCES_FOLDER_PATH}/toastSuccessTips@2x.png",
				"${TARGET_BUILD_DIR}/${UNLOCALIZED_RESOURCES_FOLDER_PATH}/toastSuccessTips@3x.png",
			);
			runOnlyForDeploymentPostprocessing = 0;
			shellPath = /bin/sh;
			shellScript = "\"${SRCROOT}/Pods/Target Support Files/Pods-KKProgressHUD/Pods-KKProgressHUD-resources.sh\"\n";
			showEnvVarsInLog = 0;
		};
/* End PBXShellScriptBuildPhase section */

/* Begin PBXSourcesBuildPhase section */
		3FB7AE9A1EF7769B0027CB1D /* Sources */ = {
			isa = PBXSourcesBuildPhase;
			buildActionMask = 2147483647;
			files = (
				3FB7AEA91EF7769B0027CB1D /* ViewController.m in Sources */,
				3FB7AEA61EF7769B0027CB1D /* AppDelegate.m in Sources */,
				3FB7AEA31EF7769B0027CB1D /* main.m in Sources */,
			);
			runOnlyForDeploymentPostprocessing = 0;
		};
/* End PBXSourcesBuildPhase section */

/* Begin PBXVariantGroup section */
		3FB7AEAA1EF7769B0027CB1D /* Main.storyboard */ = {
			isa = PBXVariantGroup;
			children = (
				3FB7AEAB1EF7769B0027CB1D /* Base */,
			);
			name = Main.storyboard;
			sourceTree = "<group>";
		};
		3FB7AEAF1EF7769B0027CB1D /* LaunchScreen.storyboard */ = {
			isa = PBXVariantGroup;
			children = (
				3FB7AEB01EF7769B0027CB1D /* Base */,
			);
			name = LaunchScreen.storyboard;
			sourceTree = "<group>";
		};
/* End PBXVariantGroup section */

/* Begin XCBuildConfiguration section */
		3FB7AEB31EF7769B0027CB1D /* Debug */ = {
			isa = XCBuildConfiguration;
			buildSettings = {
				ALWAYS_SEARCH_USER_PATHS = NO;
				CLANG_ANALYZER_NONNULL = YES;
				CLANG_ANALYZER_NUMBER_OBJECT_CONVERSION = YES_AGGRESSIVE;
				CLANG_CXX_LANGUAGE_STANDARD = "gnu++0x";
				CLANG_CXX_LIBRARY = "libc++";
				CLANG_ENABLE_MODULES = YES;
				CLANG_ENABLE_OBJC_ARC = YES;
				CLANG_WARN_BOOL_CONVERSION = YES;
				CLANG_WARN_CONSTANT_CONVERSION = YES;
				CLANG_WARN_DIRECT_OBJC_ISA_USAGE = YES_ERROR;
				CLANG_WARN_DOCUMENTATION_COMMENTS = YES;
				CLANG_WARN_EMPTY_BODY = YES;
				CLANG_WARN_ENUM_CONVERSION = YES;
				CLANG_WARN_INFINITE_RECURSION = YES;
				CLANG_WARN_INT_CONVERSION = YES;
				CLANG_WARN_OBJC_ROOT_CLASS = YES_ERROR;
				CLANG_WARN_SUSPICIOUS_MOVE = YES;
				CLANG_WARN_UNREACHABLE_CODE = YES;
				CLANG_WARN__DUPLICATE_METHOD_MATCH = YES;
				"CODE_SIGN_IDENTITY[sdk=iphoneos*]" = "iPhone Developer";
				COPY_PHASE_STRIP = NO;
				DEBUG_INFORMATION_FORMAT = dwarf;
				ENABLE_STRICT_OBJC_MSGSEND = YES;
				ENABLE_TESTABILITY = YES;
				GCC_C_LANGUAGE_STANDARD = gnu99;
				GCC_DYNAMIC_NO_PIC = NO;
				GCC_NO_COMMON_BLOCKS = YES;
				GCC_OPTIMIZATION_LEVEL = 0;
				GCC_PREPROCESSOR_DEFINITIONS = (
					"DEBUG=1",
					"$(inherited)",
				);
				GCC_WARN_64_TO_32_BIT_CONVERSION = YES;
				GCC_WARN_ABOUT_RETURN_TYPE = YES_ERROR;
				GCC_WARN_UNDECLARED_SELECTOR = YES;
				GCC_WARN_UNINITIALIZED_AUTOS = YES_AGGRESSIVE;
				GCC_WARN_UNUSED_FUNCTION = YES;
				GCC_WARN_UNUSED_VARIABLE = YES;
				IPHONEOS_DEPLOYMENT_TARGET = 10.3;
				MTL_ENABLE_DEBUG_INFO = YES;
				ONLY_ACTIVE_ARCH = YES;
				SDKROOT = iphoneos;
			};
			name = Debug;
		};
		3FB7AEB41EF7769B0027CB1D /* Release */ = {
			isa = XCBuildConfiguration;
			buildSettings = {
				ALWAYS_SEARCH_USER_PATHS = NO;
				CLANG_ANALYZER_NONNULL = YES;
				CLANG_ANALYZER_NUMBER_OBJECT_CONVERSION = YES_AGGRESSIVE;
				CLANG_CXX_LANGUAGE_STANDARD = "gnu++0x";
				CLANG_CXX_LIBRARY = "libc++";
				CLANG_ENABLE_MODULES = YES;
				CLANG_ENABLE_OBJC_ARC = YES;
				CLANG_WARN_BOOL_CONVERSION = YES;
				CLANG_WARN_CONSTANT_CONVERSION = YES;
				CLANG_WARN_DIRECT_OBJC_ISA_USAGE = YES_ERROR;
				CLANG_WARN_DOCUMENTATION_COMMENTS = YES;
				CLANG_WARN_EMPTY_BODY = YES;
				CLANG_WARN_ENUM_CONVERSION = YES;
				CLANG_WARN_INFINITE_RECURSION = YES;
				CLANG_WARN_INT_CONVERSION = YES;
				CLANG_WARN_OBJC_ROOT_CLASS = YES_ERROR;
				CLANG_WARN_SUSPICIOUS_MOVE = YES;
				CLANG_WARN_UNREACHABLE_CODE = YES;
				CLANG_WARN__DUPLICATE_METHOD_MATCH = YES;
				"CODE_SIGN_IDENTITY[sdk=iphoneos*]" = "iPhone Developer";
				COPY_PHASE_STRIP = NO;
				DEBUG_INFORMATION_FORMAT = "dwarf-with-dsym";
				ENABLE_NS_ASSERTIONS = NO;
				ENABLE_STRICT_OBJC_MSGSEND = YES;
				GCC_C_LANGUAGE_STANDARD = gnu99;
				GCC_NO_COMMON_BLOCKS = YES;
				GCC_WARN_64_TO_32_BIT_CONVERSION = YES;
				GCC_WARN_ABOUT_RETURN_TYPE = YES_ERROR;
				GCC_WARN_UNDECLARED_SELECTOR = YES;
				GCC_WARN_UNINITIALIZED_AUTOS = YES_AGGRESSIVE;
				GCC_WARN_UNUSED_FUNCTION = YES;
				GCC_WARN_UNUSED_VARIABLE = YES;
				IPHONEOS_DEPLOYMENT_TARGET = 10.3;
				MTL_ENABLE_DEBUG_INFO = NO;
				SDKROOT = iphoneos;
				VALIDATE_PRODUCT = YES;
			};
			name = Release;
		};
		3FB7AEB61EF7769B0027CB1D /* Debug */ = {
			isa = XCBuildConfiguration;
			baseConfigurationReference = 50A8B7C799DDD7F38514E155 /* Pods-KKProgressHUD.debug.xcconfig */;
			buildSettings = {
				ASSETCATALOG_COMPILER_APPICON_NAME = AppIcon;
				INFOPLIST_FILE = KKProgressHUD/Info.plist;
				LD_RUNPATH_SEARCH_PATHS = "$(inherited) @executable_path/Frameworks";
				PRODUCT_BUNDLE_IDENTIFIER = cn.kakatrip.KKProgressHUD;
				PRODUCT_NAME = "$(TARGET_NAME)";
			};
			name = Debug;
		};
		3FB7AEB71EF7769B0027CB1D /* Release */ = {
			isa = XCBuildConfiguration;
			baseConfigurationReference = 522E988C07BF4809B93CB457 /* Pods-KKProgressHUD.release.xcconfig */;
			buildSettings = {
				ASSETCATALOG_COMPILER_APPICON_NAME = AppIcon;
				INFOPLIST_FILE = KKProgressHUD/Info.plist;
				LD_RUNPATH_SEARCH_PATHS = "$(inherited) @executable_path/Frameworks";
				PRODUCT_BUNDLE_IDENTIFIER = cn.kakatrip.KKProgressHUD;
				PRODUCT_NAME = "$(TARGET_NAME)";
			};
			name = Release;
		};
/* End XCBuildConfiguration section */

/* Begin XCConfigurationList section */
		3FB7AE991EF7769B0027CB1D /* Build configuration list for PBXProject "KKProgressHUD" */ = {
			isa = XCConfigurationList;
			buildConfigurations = (
				3FB7AEB31EF7769B0027CB1D /* Debug */,
				3FB7AEB41EF7769B0027CB1D /* Release */,
			);
			defaultConfigurationIsVisible = 0;
			defaultConfigurationName = Release;
		};
		3FB7AEB51EF7769B0027CB1D /* Build configuration list for PBXNativeTarget "KKProgressHUD" */ = {
			isa = XCConfigurationList;
			buildConfigurations = (
				3FB7AEB61EF7769B0027CB1D /* Debug */,
				3FB7AEB71EF7769B0027CB1D /* Release */,
			);
			defaultConfigurationIsVisible = 0;
			defaultConfigurationName = Release;
		};
/* End XCConfigurationList section */
	};
	rootObject = 3FB7AE961EF7769B0027CB1D /* Project object */;
}
